
Microsoft Visual Studio Solution File, Format Version 12.00
# Visual Studio Version 17
VisualStudioVersion = 17.6.33723.286
MinimumVisualStudioVersion = 10.0.40219.1
Project("{FAE04EC0-301F-11D3-BF4B-00C04F79EFBC}") = "SapAreaRangeAddLoader", "SapAreaRangeAddLoader\SapAreaRangeAddLoader.csproj", "{8DB058D8-FE34-45FB-B0F1-0532765B30D1}"
EndProject
Project("{FAE04EC0-301F-11D3-BF4B-00C04F79EFBC}") = "SapApiHelperLibrary", "..\SapApiHelperLibrary\SapApiHelperLibrary\SapApiHelperLibrary.csproj", "{2DFA1B2F-E970-44B3-B904-B0862DD714AD}"
EndProject
Global
	GlobalSection(SolutionConfigurationPlatforms) = preSolution
		Debug|Any CPU = Debug|Any CPU
		Release|Any CPU = Release|Any CPU
	EndGlobalSection
	GlobalSection(ProjectConfigurationPlatforms) = postSolution
		{8DB058D8-FE34-45FB-B0F1-0532765B30D1}.Debug|Any CPU.ActiveCfg = Debug|Any CPU
		{8DB058D8-FE34-45FB-B0F1-0532765B30D1}.Debug|Any CPU.Build.0 = Debug|Any CPU
		{8DB058D8-FE34-45FB-B0F1-0532765B30D1}.Release|Any CPU.ActiveCfg = Release|Any CPU
		{8DB058D8-FE34-45FB-B0F1-0532765B30D1}.Release|Any CPU.Build.0 = Release|Any CPU
		{2DFA1B2F-E970-44B3-B904-B0862DD714AD}.Debug|Any CPU.ActiveCfg = Debug|Any CPU
		{2DFA1B2F-E970-44B3-B904-B0862DD714AD}.Debug|Any CPU.Build.0 = Debug|Any CPU
		{2DFA1B2F-E970-44B3-B904-B0862DD714AD}.Release|Any CPU.ActiveCfg = Release|Any CPU
		{2DFA1B2F-E970-44B3-B904-B0862DD714AD}.Release|Any CPU.Build.0 = Release|Any CPU
	EndGlobalSection
	GlobalSection(SolutionProperties) = preSolution
		HideSolutionNode = FALSE
	EndGlobalSection
	GlobalSection(ExtensibilityGlobals) = postSolution
		SolutionGuid = {178057B6-7AE1-43D5-B772-80F5FAEDA5E2}
	EndGlobalSection
EndGlobal
